
Microsoft Visual Studio Solution File, Format Version 12.00
# Visual Studio Version 16
VisualStudioVersion = 16.0.29728.190
MinimumVisualStudioVersion = 10.0.40219.1
Project("{FAE04EC0-301F-11D3-BF4B-00C04F79EFBC}") = "NessHappyNess", "NessHappyNess\NessHappyNess.csproj", "{36817FEF-8E90-46E7-BD62-F30BD9261870}"
EndProject
Global
	GlobalSection(SolutionConfigurationPlatforms) = preSolution
		Debug|Any CPU = Debug|Any CPU
		Release|Any CPU = Release|Any CPU
	EndGlobalSection
	GlobalSection(ProjectConfigurationPlatforms) = postSolution
		{36817FEF-8E90-46E7-BD62-F30BD9261870}.Debug|Any CPU.ActiveCfg = Debug|Any CPU
		{36817FEF-8E90-46E7-BD62-F30BD9261870}.Debug|Any CPU.Build.0 = Debug|Any CPU
		{36817FEF-8E90-46E7-BD62-F30BD9261870}.Release|Any CPU.ActiveCfg = Release|Any CPU
		{36817FEF-8E90-46E7-BD62-F30BD9261870}.Release|Any CPU.Build.0 = Release|Any CPU
	EndGlobalSection
	GlobalSection(SolutionProperties) = preSolution
		HideSolutionNode = FALSE
	EndGlobalSection
	GlobalSection(ExtensibilityGlobals) = postSolution
		SolutionGuid = {54AD944D-C743-4C48-9DE0-908D8D79F583}
	EndGlobalSection
EndGlobal
